
Microsoft Visual Studio Solution File, Format Version 12.00
# Visual Studio Version 17
VisualStudioVersion = 17.9.34723.18
MinimumVisualStudioVersion = 10.0.40219.1
Project("{FAE04EC0-301F-11D3-BF4B-00C04F79EFBC}") = "WebApiDay13Task", "WebApiDay13Task\WebApiDay13Task.csproj", "{EBA76C38-8F72-4808-9EA6-D108814CA5B0}"
EndProject
Global
	GlobalSection(SolutionConfigurationPlatforms) = preSolution
		Debug|Any CPU = Debug|Any CPU
		Release|Any CPU = Release|Any CPU
	EndGlobalSection
	GlobalSection(ProjectConfigurationPlatforms) = postSolution
		{EBA76C38-8F72-4808-9EA6-D108814CA5B0}.Debug|Any CPU.ActiveCfg = Debug|Any CPU
		{EBA76C38-8F72-4808-9EA6-D108814CA5B0}.Debug|Any CPU.Build.0 = Debug|Any CPU
		{EBA76C38-8F72-4808-9EA6-D108814CA5B0}.Release|Any CPU.ActiveCfg = Release|Any CPU
		{EBA76C38-8F72-4808-9EA6-D108814CA5B0}.Release|Any CPU.Build.0 = Release|Any CPU
	EndGlobalSection
	GlobalSection(SolutionProperties) = preSolution
		HideSolutionNode = FALSE
	EndGlobalSection
	GlobalSection(ExtensibilityGlobals) = postSolution
		SolutionGuid = {BC450C60-FCDF-4860-A405-DC56AD6746A1}
	EndGlobalSection
EndGlobal
