
Microsoft Visual Studio Solution File, Format Version 12.00
# Visual Studio Version 17
VisualStudioVersion = 17.9.34723.18
MinimumVisualStudioVersion = 10.0.40219.1
Project("{FAE04EC0-301F-11D3-BF4B-00C04F79EFBC}") = "Day15_DapperNHibernate", "Day15_DapperNHibernate\Day15_DapperNHibernate.csproj", "{0A82511A-FBF7-4FA8-A15D-8F63892F2C33}"
EndProject
Global
	GlobalSection(SolutionConfigurationPlatforms) = preSolution
		Debug|Any CPU = Debug|Any CPU
		Release|Any CPU = Release|Any CPU
	EndGlobalSection
	GlobalSection(ProjectConfigurationPlatforms) = postSolution
		{0A82511A-FBF7-4FA8-A15D-8F63892F2C33}.Debug|Any CPU.ActiveCfg = Debug|Any CPU
		{0A82511A-FBF7-4FA8-A15D-8F63892F2C33}.Debug|Any CPU.Build.0 = Debug|Any CPU
		{0A82511A-FBF7-4FA8-A15D-8F63892F2C33}.Release|Any CPU.ActiveCfg = Release|Any CPU
		{0A82511A-FBF7-4FA8-A15D-8F63892F2C33}.Release|Any CPU.Build.0 = Release|Any CPU
	EndGlobalSection
	GlobalSection(SolutionProperties) = preSolution
		HideSolutionNode = FALSE
	EndGlobalSection
	GlobalSection(ExtensibilityGlobals) = postSolution
		SolutionGuid = {45F9534E-CFE9-472A-B89E-C7F86341D07C}
	EndGlobalSection
EndGlobal
